
Microsoft Visual Studio Solution File, Format Version 12.00
# Visual Studio Version 16
VisualStudioVersion = 16.0.30804.86
MinimumVisualStudioVersion = 10.0.40219.1
Project("{9A19103F-16F7-4668-BE54-9A1E7A4F7556}") = "server", "servidor\server.csproj", "{3679CD22-E013-4F4D-9DAE-908CA9780CAD}"
EndProject
Global
	GlobalSection(SolutionConfigurationPlatforms) = preSolution
		Debug|Any CPU = Debug|Any CPU
		Release|Any CPU = Release|Any CPU
	EndGlobalSection
	GlobalSection(ProjectConfigurationPlatforms) = postSolution
		{3679CD22-E013-4F4D-9DAE-908CA9780CAD}.Debug|Any CPU.ActiveCfg = Debug|Any CPU
		{3679CD22-E013-4F4D-9DAE-908CA9780CAD}.Debug|Any CPU.Build.0 = Debug|Any CPU
		{3679CD22-E013-4F4D-9DAE-908CA9780CAD}.Release|Any CPU.ActiveCfg = Release|Any CPU
		{3679CD22-E013-4F4D-9DAE-908CA9780CAD}.Release|Any CPU.Build.0 = Release|Any CPU
	EndGlobalSection
	GlobalSection(SolutionProperties) = preSolution
		HideSolutionNode = FALSE
	EndGlobalSection
	GlobalSection(ExtensibilityGlobals) = postSolution
		SolutionGuid = {AAF253ED-C331-47F7-A1A4-948C854DB103}
	EndGlobalSection
EndGlobal
